// !$*UTF8*$!
{
	archiveVersion = 1;
	classes = {
	};
	objectVersion = 51;
	objects = {

/* Begin PBXBuildFile section */
		66A21B13E54BCB20991E441C /* Pods_sensorUpload.framework in Frameworks */ = {isa = PBXBuildFile; fileRef = 83EDF2BC27E6D23C97D9C9F0 /* Pods_sensorUpload.framework */; };
		8713C4A526F9850100A454A4 /* APLGraphView.m in Sources */ = {isa = PBXBuildFile; fileRef = 8713C4A326F9850100A454A4 /* APLGraphView.m */; };
		8713C4A726F999A600A454A4 /* DeviceTableViewCell.swift in Sources */ = {isa = PBXBuildFile; fileRef = 8713C4A626F999A600A454A4 /* DeviceTableViewCell.swift */; };
		8713C4A926F99F1600A454A4 /* GoogleService-Info.plist in Resources */ = {isa = PBXBuildFile; fileRef = 8713C4A826F99F1600A454A4 /* GoogleService-Info.plist */; };
		8727D5F626F7C38A001D5CB1 /* Entry.swift in Sources */ = {isa = PBXBuildFile; fileRef = 8727D5F526F7C389001D5CB1 /* Entry.swift */; };
		8727D5F926F84634001D5CB1 /* ExternalAccessory.framework in Frameworks */ = {isa = PBXBuildFile; fileRef = 8727D5F826F84634001D5CB1 /* ExternalAccessory.framework */; };
		8727D5FB26F91206001D5CB1 /* DevicesTableViewController.swift in Sources */ = {isa = PBXBuildFile; fileRef = 8727D5FA26F91206001D5CB1 /* DevicesTableViewController.swift */; };
		8756F17F26F7C003002A8FA4 /* AppDelegate.swift in Sources */ = {isa = PBXBuildFile; fileRef = 8756F17E26F7C003002A8FA4 /* AppDelegate.swift */; };
		8756F18126F7C003002A8FA4 /* SceneDelegate.swift in Sources */ = {isa = PBXBuildFile; fileRef = 8756F18026F7C003002A8FA4 /* SceneDelegate.swift */; };
		8756F18626F7C003002A8FA4 /* Main.storyboard in Resources */ = {isa = PBXBuildFile; fileRef = 8756F18426F7C003002A8FA4 /* Main.storyboard */; };
		8756F18926F7C003002A8FA4 /* sensorUpload.xcdatamodeld in Sources */ = {isa = PBXBuildFile; fileRef = 8756F18726F7C003002A8FA4 /* sensorUpload.xcdatamodeld */; };
		8756F18B26F7C004002A8FA4 /* Assets.xcassets in Resources */ = {isa = PBXBuildFile; fileRef = 8756F18A26F7C004002A8FA4 /* Assets.xcassets */; };
		8756F18E26F7C004002A8FA4 /* LaunchScreen.storyboard in Resources */ = {isa = PBXBuildFile; fileRef = 8756F18C26F7C004002A8FA4 /* LaunchScreen.storyboard */; };
		87641CF426F9815300DCEE23 /* DeviceDetailViewController.swift in Sources */ = {isa = PBXBuildFile; fileRef = 87641CF326F9815300DCEE23 /* DeviceDetailViewController.swift */; };
		876AE69126F7C11B00ADC01D /* Net.swift in Sources */ = {isa = PBXBuildFile; fileRef = 876AE69026F7C11B00ADC01D /* Net.swift */; };
/* End PBXBuildFile section */

/* Begin PBXFileReference section */
		27181B47C0099B7976A051CD /* Pods-sensorUpload.release.xcconfig */ = {isa = PBXFileReference; includeInIndex = 1; lastKnownFileType = text.xcconfig; name = "Pods-sensorUpload.release.xcconfig"; path = "Target Support Files/Pods-sensorUpload/Pods-sensorUpload.release.xcconfig"; sourceTree = "<group>"; };
		83EDF2BC27E6D23C97D9C9F0 /* Pods_sensorUpload.framework */ = {isa = PBXFileReference; explicitFileType = wrapper.framework; includeInIndex = 0; path = Pods_sensorUpload.framework; sourceTree = BUILT_PRODUCTS_DIR; };
		8713C4A126F9832600A454A4 /* sensorUpload-Bridging-Header.h */ = {isa = PBXFileReference; lastKnownFileType = sourcecode.c.h; path = "sensorUpload-Bridging-Header.h"; sourceTree = "<group>"; };
		8713C4A326F9850100A454A4 /* APLGraphView.m */ = {isa = PBXFileReference; fileEncoding = 4; lastKnownFileType = sourcecode.c.objc; path = APLGraphView.m; sourceTree = "<group>"; };
		8713C4A426F9850100A454A4 /* APLGraphView.h */ = {isa = PBXFileReference; fileEncoding = 4; lastKnownFileType = sourcecode.c.h; path = APLGraphView.h; sourceTree = "<group>"; };
		8713C4A626F999A600A454A4 /* DeviceTableViewCell.swift */ = {isa = PBXFileReference; lastKnownFileType = sourcecode.swift; path = DeviceTableViewCell.swift; sourceTree = "<group>"; };
		8713C4A826F99F1600A454A4 /* GoogleService-Info.plist */ = {isa = PBXFileReference; fileEncoding = 4; lastKnownFileType = text.plist.xml; path = "GoogleService-Info.plist"; sourceTree = "<group>"; };
		8727D5F526F7C389001D5CB1 /* Entry.swift */ = {isa = PBXFileReference; lastKnownFileType = sourcecode.swift; path = Entry.swift; sourceTree = "<group>"; };
		8727D5F726F84634001D5CB1 /* sensorUpload.entitlements */ = {isa = PBXFileReference; lastKnownFileType = text.plist.entitlements; path = sensorUpload.entitlements; sourceTree = "<group>"; };
		8727D5F826F84634001D5CB1 /* ExternalAccessory.framework */ = {isa = PBXFileReference; lastKnownFileType = wrapper.framework; name = ExternalAccessory.framework; path = System/Library/Frameworks/ExternalAccessory.framework; sourceTree = SDKROOT; };
		8727D5FA26F91206001D5CB1 /* DevicesTableViewController.swift */ = {isa = PBXFileReference; lastKnownFileType = sourcecode.swift; path = DevicesTableViewController.swift; sourceTree = "<group>"; };
		8756F17B26F7C003002A8FA4 /* sensorUpload.app */ = {isa = PBXFileReference; explicitFileType = wrapper.application; includeInIndex = 0; path = sensorUpload.app; sourceTree = BUILT_PRODUCTS_DIR; };
		8756F17E26F7C003002A8FA4 /* AppDelegate.swift */ = {isa = PBXFileReference; lastKnownFileType = sourcecode.swift; path = AppDelegate.swift; sourceTree = "<group>"; };
		8756F18026F7C003002A8FA4 /* SceneDelegate.swift */ = {isa = PBXFileReference; lastKnownFileType = sourcecode.swift; path = SceneDelegate.swift; sourceTree = "<group>"; };
		8756F18526F7C003002A8FA4 /* Base */ = {isa = PBXFileReference; lastKnownFileType = file.storyboard; name = Base; path = Base.lproj/Main.storyboard; sourceTree = "<group>"; };
		8756F18826F7C003002A8FA4 /* sensorUpload.xcdatamodel */ = {isa = PBXFileReference; lastKnownFileType = wrapper.xcdatamodel; path = sensorUpload.xcdatamodel; sourceTree = "<group>"; };
		8756F18A26F7C004002A8FA4 /* Assets.xcassets */ = {isa = PBXFileReference; lastKnownFileType = folder.assetcatalog; path = Assets.xcassets; sourceTree = "<group>"; };
		8756F18D26F7C004002A8FA4 /* Base */ = {isa = PBXFileReference; lastKnownFileType = file.storyboard; name = Base; path = Base.lproj/LaunchScreen.storyboard; sourceTree = "<group>"; };
		8756F18F26F7C004002A8FA4 /* Info.plist */ = {isa = PBXFileReference; lastKnownFileType = text.plist.xml; path = Info.plist; sourceTree = "<group>"; };
		87641CF326F9815300DCEE23 /* DeviceDetailViewController.swift */ = {isa = PBXFileReference; lastKnownFileType = sourcecode.swift; path = DeviceDetailViewController.swift; sourceTree = "<group>"; };
		876AE69026F7C11B00ADC01D /* Net.swift */ = {isa = PBXFileReference; lastKnownFileType = sourcecode.swift; path = Net.swift; sourceTree = "<group>"; };
		C5976346DA65FD1C1CD44ED9 /* Pods-sensorUpload.debug.xcconfig */ = {isa = PBXFileReference; includeInIndex = 1; lastKnownFileType = text.xcconfig; name = "Pods-sensorUpload.debug.xcconfig"; path = "Target Support Files/Pods-sensorUpload/Pods-sensorUpload.debug.xcconfig"; sourceTree = "<group>"; };
/* End PBXFileReference section */

/* Begin PBXFrameworksBuildPhase section */
		8756F17826F7C003002A8FA4 /* Frameworks */ = {
			isa = PBXFrameworksBuildPhase;
			buildActionMask = 2147483647;
			files = (
				8727D5F926F84634001D5CB1 /* ExternalAccessory.framework in Frameworks */,
				66A21B13E54BCB20991E441C /* Pods_sensorUpload.framework in Frameworks */,
			);
			runOnlyForDeploymentPostprocessing = 0;
		};
/* End PBXFrameworksBuildPhase section */

/* Begin PBXGroup section */
		784885EE54C4C3323B11EBED /* Pods */ = {
			isa = PBXGroup;
			children = (
				C5976346DA65FD1C1CD44ED9 /* Pods-sensorUpload.debug.xcconfig */,
				27181B47C0099B7976A051CD /* Pods-sensorUpload.release.xcconfig */,
			);
			path = Pods;
			sourceTree = "<group>";
		};
		8713C4A226F9850100A454A4 /* Accelerometer */ = {
			isa = PBXGroup;
			children = (
				8713C4A326F9850100A454A4 /* APLGraphView.m */,
				8713C4A426F9850100A454A4 /* APLGraphView.h */,
			);
			path = Accelerometer;
			sourceTree = "<group>";
		};
		8756F17226F7C003002A8FA4 = {
			isa = PBXGroup;
			children = (
				8713C4A226F9850100A454A4 /* Accelerometer */,
				8756F17D26F7C003002A8FA4 /* sensorUpload */,
				8756F17C26F7C003002A8FA4 /* Products */,
				784885EE54C4C3323B11EBED /* Pods */,
				C155FF839E939B6031201426 /* Frameworks */,
			);
			sourceTree = "<group>";
		};
		8756F17C26F7C003002A8FA4 /* Products */ = {
			isa = PBXGroup;
			children = (
				8756F17B26F7C003002A8FA4 /* sensorUpload.app */,
			);
			name = Products;
			sourceTree = "<group>";
		};
		8756F17D26F7C003002A8FA4 /* sensorUpload */ = {
			isa = PBXGroup;
			children = (
				8727D5F726F84634001D5CB1 /* sensorUpload.entitlements */,
				8756F17E26F7C003002A8FA4 /* AppDelegate.swift */,
				8756F18026F7C003002A8FA4 /* SceneDelegate.swift */,
				8713C4A826F99F1600A454A4 /* GoogleService-Info.plist */,
				8756F18426F7C003002A8FA4 /* Main.storyboard */,
				8713C4A626F999A600A454A4 /* DeviceTableViewCell.swift */,
				8756F18A26F7C004002A8FA4 /* Assets.xcassets */,
				8756F18C26F7C004002A8FA4 /* LaunchScreen.storyboard */,
				8756F18F26F7C004002A8FA4 /* Info.plist */,
				8756F18726F7C003002A8FA4 /* sensorUpload.xcdatamodeld */,
				876AE69026F7C11B00ADC01D /* Net.swift */,
				8727D5F526F7C389001D5CB1 /* Entry.swift */,
				8727D5FA26F91206001D5CB1 /* DevicesTableViewController.swift */,
				87641CF326F9815300DCEE23 /* DeviceDetailViewController.swift */,
				8713C4A126F9832600A454A4 /* sensorUpload-Bridging-Header.h */,
			);
			path = sensorUpload;
			sourceTree = "<group>";
		};
		C155FF839E939B6031201426 /* Frameworks */ = {
			isa = PBXGroup;
			children = (
				8727D5F826F84634001D5CB1 /* ExternalAccessory.framework */,
				83EDF2BC27E6D23C97D9C9F0 /* Pods_sensorUpload.framework */,
			);
			name = Frameworks;
			sourceTree = "<group>";
		};
/* End PBXGroup section */

/* Begin PBXNativeTarget section */
		8756F17A26F7C003002A8FA4 /* sensorUpload */ = {
			isa = PBXNativeTarget;
			buildConfigurationList = 8756F19226F7C004002A8FA4 /* Build configuration list for PBXNativeTarget "sensorUpload" */;
			buildPhases = (
				AF51BA662FD9EF2DDFE6E59A /* [CP] Check Pods Manifest.lock */,
				8756F17726F7C003002A8FA4 /* Sources */,
				8756F17826F7C003002A8FA4 /* Frameworks */,
				8756F17926F7C003002A8FA4 /* Resources */,
				C14F3573C9A40F7382630022 /* [CP] Embed Pods Frameworks */,
			);
			buildRules = (
			);
			dependencies = (
			);
			name = sensorUpload;
			productName = sensorUpload;
			productReference = 8756F17B26F7C003002A8FA4 /* sensorUpload.app */;
			productType = "com.apple.product-type.application";
		};
/* End PBXNativeTarget section */

/* Begin PBXProject section */
		8756F17326F7C003002A8FA4 /* Project object */ = {
			isa = PBXProject;
			attributes = {
				LastSwiftUpdateCheck = 1250;
				LastUpgradeCheck = 1250;
				TargetAttributes = {
					8756F17A26F7C003002A8FA4 = {
						CreatedOnToolsVersion = 12.5.1;
					};
				};
			};
			buildConfigurationList = 8756F17626F7C003002A8FA4 /* Build configuration list for PBXProject "sensorUpload" */;
			compatibilityVersion = "Xcode 9.3";
			developmentRegion = en;
			hasScannedForEncodings = 0;
			knownRegions = (
				en,
				Base,
			);
			mainGroup = 8756F17226F7C003002A8FA4;
			productRefGroup = 8756F17C26F7C003002A8FA4 /* Products */;
			projectDirPath = "";
			projectRoot = "";
			targets = (
				8756F17A26F7C003002A8FA4 /* sensorUpload */,
			);
		};
/* End PBXProject section */

/* Begin PBXResourcesBuildPhase section */
		8756F17926F7C003002A8FA4 /* Resources */ = {
			isa = PBXResourcesBuildPhase;
			buildActionMask = 2147483647;
			files = (
				8756F18E26F7C004002A8FA4 /* LaunchScreen.storyboard in Resources */,
				8713C4A926F99F1600A454A4 /* GoogleService-Info.plist in Resources */,
				8756F18B26F7C004002A8FA4 /* Assets.xcassets in Resources */,
				8756F18626F7C003002A8FA4 /* Main.storyboard in Resources */,
			);
			runOnlyForDeploymentPostprocessing = 0;
		};
/* End PBXResourcesBuildPhase section */

/* Begin PBXShellScriptBuildPhase section */
		AF51BA662FD9EF2DDFE6E59A /* [CP] Check Pods Manifest.lock */ = {
			isa = PBXShellScriptBuildPhase;
			buildActionMask = 2147483647;
			files = (
			);
			inputFileListPaths = (
			);
			inputPaths = (
				"${PODS_PODFILE_DIR_PATH}/Podfile.lock",
				"${PODS_ROOT}/Manifest.lock",
			);
			name = "[CP] Check Pods Manifest.lock";
			outputFileListPaths = (
			);
			outputPaths = (
				"$(DERIVED_FILE_DIR)/Pods-sensorUpload-checkManifestLockResult.txt",
			);
			runOnlyForDeploymentPostprocessing = 0;
			shellPath = /bin/sh;
			shellScript = "diff \"${PODS_PODFILE_DIR_PATH}/Podfile.lock\" \"${PODS_ROOT}/Manifest.lock\" > /dev/null\nif [ $? != 0 ] ; then\n    # print error to STDERR\n    echo \"error: The sandbox is not in sync with the Podfile.lock. Run 'pod install' or update your CocoaPods installation.\" >&2\n    exit 1\nfi\n# This output is used by Xcode 'outputs' to avoid re-running this script phase.\necho \"SUCCESS\" > \"${SCRIPT_OUTPUT_FILE_0}\"\n";
			showEnvVarsInLog = 0;
		};
		C14F3573C9A40F7382630022 /* [CP] Embed Pods Frameworks */ = {
			isa = PBXShellScriptBuildPhase;
			buildActionMask = 2147483647;
			files = (
			);
			inputFileListPaths = (
				"${PODS_ROOT}/Target Support Files/Pods-sensorUpload/Pods-sensorUpload-frameworks-${CONFIGURATION}-input-files.xcfilelist",
			);
			name = "[CP] Embed Pods Frameworks";
			outputFileListPaths = (
				"${PODS_ROOT}/Target Support Files/Pods-sensorUpload/Pods-sensorUpload-frameworks-${CONFIGURATION}-output-files.xcfilelist",
			);
			runOnlyForDeploymentPostprocessing = 0;
			shellPath = /bin/sh;
			shellScript = "\"${PODS_ROOT}/Target Support Files/Pods-sensorUpload/Pods-sensorUpload-frameworks.sh\"\n";
			showEnvVarsInLog = 0;
		};
/* End PBXShellScriptBuildPhase section */

/* Begin PBXSourcesBuildPhase section */
		8756F17726F7C003002A8FA4 /* Sources */ = {
			isa = PBXSourcesBuildPhase;
			buildActionMask = 2147483647;
			files = (
				8727D5FB26F91206001D5CB1 /* DevicesTableViewController.swift in Sources */,
				8727D5F626F7C38A001D5CB1 /* Entry.swift in Sources */,
				8713C4A526F9850100A454A4 /* APLGraphView.m in Sources */,
				87641CF426F9815300DCEE23 /* DeviceDetailViewController.swift in Sources */,
				8756F18926F7C003002A8FA4 /* sensorUpload.xcdatamodeld in Sources */,
				8713C4A726F999A600A454A4 /* DeviceTableViewCell.swift in Sources */,
				876AE69126F7C11B00ADC01D /* Net.swift in Sources */,
				8756F17F26F7C003002A8FA4 /* AppDelegate.swift in Sources */,
				8756F18126F7C003002A8FA4 /* SceneDelegate.swift in Sources */,
			);
			runOnlyForDeploymentPostprocessing = 0;
		};
/* End PBXSourcesBuildPhase section */

/* Begin PBXVariantGroup section */
		8756F18426F7C003002A8FA4 /* Main.storyboard */ = {
			isa = PBXVariantGroup;
			children = (
				8756F18526F7C003002A8FA4 /* Base */,
			);
			name = Main.storyboard;
			sourceTree = "<group>";
		};
		8756F18C26F7C004002A8FA4 /* LaunchScreen.storyboard */ = {
			isa = PBXVariantGroup;
			children = (
				8756F18D26F7C004002A8FA4 /* Base */,
			);
			name = LaunchScreen.storyboard;
			sourceTree = "<group>";
		};
/* End PBXVariantGroup section */

/* Begin XCBuildConfiguration section */
		8756F19026F7C004002A8FA4 /* Debug */ = {
			isa = XCBuildConfiguration;
			buildSettings = {
				ALWAYS_SEARCH_USER_PATHS = NO;
				CLANG_ANALYZER_NONNULL = YES;
				CLANG_ANALYZER_NUMBER_OBJECT_CONVERSION = YES_AGGRESSIVE;
				CLANG_CXX_LANGUAGE_STANDARD = "gnu++14";
				CLANG_CXX_LIBRARY = "libc++";
				CLANG_ENABLE_MODULES = YES;
				CLANG_ENABLE_OBJC_ARC = YES;
				CLANG_ENABLE_OBJC_WEAK = YES;
				CLANG_WARN_BLOCK_CAPTURE_AUTORELEASING = YES;
				CLANG_WARN_BOOL_CONVERSION = YES;
				CLANG_WARN_COMMA = YES;
				CLANG_WARN_CONSTANT_CONVERSION = YES;
				CLANG_WARN_DEPRECATED_OBJC_IMPLEMENTATIONS = YES;
				CLANG_WARN_DIRECT_OBJC_ISA_USAGE = YES_ERROR;
				CLANG_WARN_DOCUMENTATION_COMMENTS = YES;
				CLANG_WARN_EMPTY_BODY = YES;
				CLANG_WARN_ENUM_CONVERSION = YES;
				CLANG_WARN_INFINITE_RECURSION = YES;
				CLANG_WARN_INT_CONVERSION = YES;
				CLANG_WARN_NON_LITERAL_NULL_CONVERSION = YES;
				CLANG_WARN_OBJC_IMPLICIT_RETAIN_SELF = YES;
				CLANG_WARN_OBJC_LITERAL_CONVERSION = YES;
				CLANG_WARN_OBJC_ROOT_CLASS = YES_ERROR;
				CLANG_WARN_QUOTED_INCLUDE_IN_FRAMEWORK_HEADER = YES;
				CLANG_WARN_RANGE_LOOP_ANALYSIS = YES;
				CLANG_WARN_STRICT_PROTOTYPES = YES;
				CLANG_WARN_SUSPICIOUS_MOVE = YES;
				CLANG_WARN_UNGUARDED_AVAILABILITY = YES_AGGRESSIVE;
				CLANG_WARN_UNREACHABLE_CODE = YES;
				CLANG_WARN__DUPLICATE_METHOD_MATCH = YES;
				COPY_PHASE_STRIP = NO;
				DEBUG_INFORMATION_FORMAT = dwarf;
				ENABLE_STRICT_OBJC_MSGSEND = YES;
				ENABLE_TESTABILITY = YES;
				GCC_C_LANGUAGE_STANDARD = gnu11;
				GCC_DYNAMIC_NO_PIC = NO;
				GCC_NO_COMMON_BLOCKS = YES;
				GCC_OPTIMIZATION_LEVEL = 0;
				GCC_PREPROCESSOR_DEFINITIONS = (
					"DEBUG=1",
					"$(inherited)",
				);
				GCC_WARN_64_TO_32_BIT_CONVERSION = YES;
				GCC_WARN_ABOUT_RETURN_TYPE = YES_ERROR;
				GCC_WARN_UNDECLARED_SELECTOR = YES;
				GCC_WARN_UNINITIALIZED_AUTOS = YES_AGGRESSIVE;
				GCC_WARN_UNUSED_FUNCTION = YES;
				GCC_WARN_UNUSED_VARIABLE = YES;
				IPHONEOS_DEPLOYMENT_TARGET = 14.5;
				MTL_ENABLE_DEBUG_INFO = INCLUDE_SOURCE;
				MTL_FAST_MATH = YES;
				ONLY_ACTIVE_ARCH = YES;
				SDKROOT = iphoneos;
				SWIFT_ACTIVE_COMPILATION_CONDITIONS = DEBUG;
				SWIFT_OPTIMIZATION_LEVEL = "-Onone";
			};
			name = Debug;
		};
		8756F19126F7C004002A8FA4 /* Release */ = {
			isa = XCBuildConfiguration;
			buildSettings = {
				ALWAYS_SEARCH_USER_PATHS = NO;
				CLANG_ANALYZER_NONNULL = YES;
				CLANG_ANALYZER_NUMBER_OBJECT_CONVERSION = YES_AGGRESSIVE;
				CLANG_CXX_LANGUAGE_STANDARD = "gnu++14";
				CLANG_CXX_LIBRARY = "libc++";
				CLANG_ENABLE_MODULES = YES;
				CLANG_ENABLE_OBJC_ARC = YES;
				CLANG_ENABLE_OBJC_WEAK = YES;
				CLANG_WARN_BLOCK_CAPTURE_AUTORELEASING = YES;
				CLANG_WARN_BOOL_CONVERSION = YES;
				CLANG_WARN_COMMA = YES;
				CLANG_WARN_CONSTANT_CONVERSION = YES;
				CLANG_WARN_DEPRECATED_OBJC_IMPLEMENTATIONS = YES;
				CLANG_WARN_DIRECT_OBJC_ISA_USAGE = YES_ERROR;
				CLANG_WARN_DOCUMENTATION_COMMENTS = YES;
				CLANG_WARN_EMPTY_BODY = YES;
				CLANG_WARN_ENUM_CONVERSION = YES;
				CLANG_WARN_INFINITE_RECURSION = YES;
				CLANG_WARN_INT_CONVERSION = YES;
				CLANG_WARN_NON_LITERAL_NULL_CONVERSION = YES;
				CLANG_WARN_OBJC_IMPLICIT_RETAIN_SELF = YES;
				CLANG_WARN_OBJC_LITERAL_CONVERSION = YES;
				CLANG_WARN_OBJC_ROOT_CLASS = YES_ERROR;
				CLANG_WARN_QUOTED_INCLUDE_IN_FRAMEWORK_HEADER = YES;
				CLANG_WARN_RANGE_LOOP_ANALYSIS = YES;
				CLANG_WARN_STRICT_PROTOTYPES = YES;
				CLANG_WARN_SUSPICIOUS_MOVE = YES;
				CLANG_WARN_UNGUARDED_AVAILABILITY = YES_AGGRESSIVE;
				CLANG_WARN_UNREACHABLE_CODE = YES;
				CLANG_WARN__DUPLICATE_METHOD_MATCH = YES;
				COPY_PHASE_STRIP = NO;
				DEBUG_INFORMATION_FORMAT = "dwarf-with-dsym";
				ENABLE_NS_ASSERTIONS = NO;
				ENABLE_STRICT_OBJC_MSGSEND = YES;
				GCC_C_LANGUAGE_STANDARD = gnu11;
				GCC_NO_COMMON_BLOCKS = YES;
				GCC_WARN_64_TO_32_BIT_CONVERSION = YES;
				GCC_WARN_ABOUT_RETURN_TYPE = YES_ERROR;
				GCC_WARN_UNDECLARED_SELECTOR = YES;
				GCC_WARN_UNINITIALIZED_AUTOS = YES_AGGRESSIVE;
				GCC_WARN_UNUSED_FUNCTION = YES;
				GCC_WARN_UNUSED_VARIABLE = YES;
				IPHONEOS_DEPLOYMENT_TARGET = 14.5;
				MTL_ENABLE_DEBUG_INFO = NO;
				MTL_FAST_MATH = YES;
				SDKROOT = iphoneos;
				SWIFT_COMPILATION_MODE = wholemodule;
				SWIFT_OPTIMIZATION_LEVEL = "-O";
				VALIDATE_PRODUCT = YES;
			};
			name = Release;
		};
		8756F19326F7C004002A8FA4 /* Debug */ = {
			isa = XCBuildConfiguration;
			baseConfigurationReference = C5976346DA65FD1C1CD44ED9 /* Pods-sensorUpload.debug.xcconfig */;
			buildSettings = {
				ASSETCATALOG_COMPILER_APPICON_NAME = AppIcon;
				ASSETCATALOG_COMPILER_GLOBAL_ACCENT_COLOR_NAME = AccentColor;
				CODE_SIGN_ENTITLEMENTS = sensorUpload/sensorUpload.entitlements;
				CODE_SIGN_STYLE = Automatic;
				DEVELOPMENT_TEAM = QAGL6ABQX4;
				INFOPLIST_FILE = sensorUpload/Info.plist;
				LD_RUNPATH_SEARCH_PATHS = (
					"$(inherited)",
					"@executable_path/Frameworks",
				);
				PRODUCT_BUNDLE_IDENTIFIER = com.dusty.sensorUpload;
				PRODUCT_NAME = "$(TARGET_NAME)";
				SWIFT_OBJC_BRIDGING_HEADER = "sensorUpload/sensorUpload-Bridging-Header.h";
				SWIFT_VERSION = 5.0;
				TARGETED_DEVICE_FAMILY = "1,2";
			};
			name = Debug;
		};
		8756F19426F7C004002A8FA4 /* Release */ = {
			isa = XCBuildConfiguration;
			baseConfigurationReference = 27181B47C0099B7976A051CD /* Pods-sensorUpload.release.xcconfig */;
			buildSettings = {
				ASSETCATALOG_COMPILER_APPICON_NAME = AppIcon;
				ASSETCATALOG_COMPILER_GLOBAL_ACCENT_COLOR_NAME = AccentColor;
				CODE_SIGN_ENTITLEMENTS = sensorUpload/sensorUpload.entitlements;
				CODE_SIGN_STYLE = Automatic;
				DEVELOPMENT_TEAM = QAGL6ABQX4;
				INFOPLIST_FILE = sensorUpload/Info.plist;
				LD_RUNPATH_SEARCH_PATHS = (
					"$(inherited)",
					"@executable_path/Frameworks",
				);
				PRODUCT_BUNDLE_IDENTIFIER = com.dusty.sensorUpload;
				PRODUCT_NAME = "$(TARGET_NAME)";
				SWIFT_OBJC_BRIDGING_HEADER = "sensorUpload/sensorUpload-Bridging-Header.h";
				SWIFT_VERSION = 5.0;
				TARGETED_DEVICE_FAMILY = "1,2";
			};
			name = Release;
		};
/* End XCBuildConfiguration section */

/* Begin XCConfigurationList section */
		8756F17626F7C003002A8FA4 /* Build configuration list for PBXProject "sensorUpload" */ = {
			isa = XCConfigurationList;
			buildConfigurations = (
				8756F19026F7C004002A8FA4 /* Debug */,
				8756F19126F7C004002A8FA4 /* Release */,
			);
			defaultConfigurationIsVisible = 0;
			defaultConfigurationName = Release;
		};
		8756F19226F7C004002A8FA4 /* Build configuration list for PBXNativeTarget "sensorUpload" */ = {
			isa = XCConfigurationList;
			buildConfigurations = (
				8756F19326F7C004002A8FA4 /* Debug */,
				8756F19426F7C004002A8FA4 /* Release */,
			);
			defaultConfigurationIsVisible = 0;
			defaultConfigurationName = Release;
		};
/* End XCConfigurationList section */

/* Begin XCVersionGroup section */
		8756F18726F7C003002A8FA4 /* sensorUpload.xcdatamodeld */ = {
			isa = XCVersionGroup;
			children = (
				8756F18826F7C003002A8FA4 /* sensorUpload.xcdatamodel */,
			);
			currentVersion = 8756F18826F7C003002A8FA4 /* sensorUpload.xcdatamodel */;
			path = sensorUpload.xcdatamodeld;
			sourceTree = "<group>";
			versionGroupType = wrapper.xcdatamodel;
		};
/* End XCVersionGroup section */
	};
	rootObject = 8756F17326F7C003002A8FA4 /* Project object */;
}
